// !$*UTF8*$!
{
	archiveVersion = 1;
	classes = {
	};
	objectVersion = 46;
	objects = {

/* Begin PBXBuildFile section */
		1507D3E61A4A6C18002F9D83 /* AppDelegate.swift in Sources */ = {isa = PBXBuildFile; fileRef = 1507D3E51A4A6C18002F9D83 /* AppDelegate.swift */; };
		1507D3E81A4A6C18002F9D83 /* ViewController.swift in Sources */ = {isa = PBXBuildFile; fileRef = 1507D3E71A4A6C18002F9D83 /* ViewController.swift */; };
		1507D3EB1A4A6C18002F9D83 /* Main.storyboard in Resources */ = {isa = PBXBuildFile; fileRef = 1507D3E91A4A6C18002F9D83 /* Main.storyboard */; };
		1507D3ED1A4A6C18002F9D83 /* Images.xcassets in Resources */ = {isa = PBXBuildFile; fileRef = 1507D3EC1A4A6C18002F9D83 /* Images.xcassets */; };
		1507D3F01A4A6C18002F9D83 /* LaunchScreen.xib in Resources */ = {isa = PBXBuildFile; fileRef = 1507D3EE1A4A6C18002F9D83 /* LaunchScreen.xib */; };
		1507D3FC1A4A6C18002F9D83 /* DemoActionSheetAndAlertTests.swift in Sources */ = {isa = PBXBuildFile; fileRef = 1507D3FB1A4A6C18002F9D83 /* DemoActionSheetAndAlertTests.swift */; };
/* End PBXBuildFile section */

/* Begin PBXContainerItemProxy section */
		1507D3F61A4A6C18002F9D83 /* PBXContainerItemProxy */ = {
			isa = PBXContainerItemProxy;
			containerPortal = 1507D3D81A4A6C18002F9D83 /* Project object */;
			proxyType = 1;
			remoteGlobalIDString = 1507D3DF1A4A6C18002F9D83;
			remoteInfo = DemoActionSheetAndAlert;
		};
/* End PBXContainerItemProxy section */

/* Begin PBXFileReference section */
		1507D3E01A4A6C18002F9D83 /* DemoActionSheetAndAlert.app */ = {isa = PBXFileReference; explicitFileType = wrapper.application; includeInIndex = 0; path = DemoActionSheetAndAlert.app; sourceTree = BUILT_PRODUCTS_DIR; };
		1507D3E41A4A6C18002F9D83 /* Info.plist */ = {isa = PBXFileReference; lastKnownFileType = text.plist.xml; path = Info.plist; sourceTree = "<group>"; };
		1507D3E51A4A6C18002F9D83 /* AppDelegate.swift */ = {isa = PBXFileReference; lastKnownFileType = sourcecode.swift; path = AppDelegate.swift; sourceTree = "<group>"; };
		1507D3E71A4A6C18002F9D83 /* ViewController.swift */ = {isa = PBXFileReference; lastKnownFileType = sourcecode.swift; path = ViewController.swift; sourceTree = "<group>"; };
		1507D3EA1A4A6C18002F9D83 /* Base */ = {isa = PBXFileReference; lastKnownFileType = file.storyboard; name = Base; path = Base.lproj/Main.storyboard; sourceTree = "<group>"; };
		1507D3EC1A4A6C18002F9D83 /* Images.xcassets */ = {isa = PBXFileReference; lastKnownFileType = folder.assetcatalog; path = Images.xcassets; sourceTree = "<group>"; };
		1507D3EF1A4A6C18002F9D83 /* Base */ = {isa = PBXFileReference; lastKnownFileType = file.xib; name = Base; path = Base.lproj/LaunchScreen.xib; sourceTree = "<group>"; };
		1507D3F51A4A6C18002F9D83 /* DemoActionSheetAndAlertTests.xctest */ = {isa = PBXFileReference; explicitFileType = wrapper.cfbundle; includeInIndex = 0; path = DemoActionSheetAndAlertTests.xctest; sourceTree = BUILT_PRODUCTS_DIR; };
		1507D3FA1A4A6C18002F9D83 /* Info.plist */ = {isa = PBXFileReference; lastKnownFileType = text.plist.xml; path = Info.plist; sourceTree = "<group>"; };
		1507D3FB1A4A6C18002F9D83 /* DemoActionSheetAndAlertTests.swift */ = {isa = PBXFileReference; lastKnownFileType = sourcecode.swift; path = DemoActionSheetAndAlertTests.swift; sourceTree = "<group>"; };
/* End PBXFileReference section */

/* Begin PBXFrameworksBuildPhase section */
		1507D3DD1A4A6C18002F9D83 /* Frameworks */ = {
			isa = PBXFrameworksBuildPhase;
			buildActionMask = 2147483647;
			files = (
			);
			runOnlyForDeploymentPostprocessing = 0;
		};
		1507D3F21A4A6C18002F9D83 /* Frameworks */ = {
			isa = PBXFrameworksBuildPhase;
			buildActionMask = 2147483647;
			files = (
			);
			runOnlyForDeploymentPostprocessing = 0;
		};
/* End PBXFrameworksBuildPhase section */

/* Begin PBXGroup section */
		1507D3D71A4A6C18002F9D83 = {
			isa = PBXGroup;
			children = (
				1507D3E21A4A6C18002F9D83 /* DemoActionSheetAndAlert */,
				1507D3F81A4A6C18002F9D83 /* DemoActionSheetAndAlertTests */,
				1507D3E11A4A6C18002F9D83 /* Products */,
			);
			sourceTree = "<group>";
		};
		1507D3E11A4A6C18002F9D83 /* Products */ = {
			isa = PBXGroup;
			children = (
				1507D3E01A4A6C18002F9D83 /* DemoActionSheetAndAlert.app */,
				1507D3F51A4A6C18002F9D83 /* DemoActionSheetAndAlertTests.xctest */,
			);
			name = Products;
			sourceTree = "<group>";
		};
		1507D3E21A4A6C18002F9D83 /* DemoActionSheetAndAlert */ = {
			isa = PBXGroup;
			children = (
				1507D3E51A4A6C18002F9D83 /* AppDelegate.swift */,
				1507D3E71A4A6C18002F9D83 /* ViewController.swift */,
				1507D3E91A4A6C18002F9D83 /* Main.storyboard */,
				1507D3EC1A4A6C18002F9D83 /* Images.xcassets */,
				1507D3EE1A4A6C18002F9D83 /* LaunchScreen.xib */,
				1507D3E31A4A6C18002F9D83 /* Supporting Files */,
			);
			path = DemoActionSheetAndAlert;
			sourceTree = "<group>";
		};
		1507D3E31A4A6C18002F9D83 /* Supporting Files */ = {
			isa = PBXGroup;
			children = (
				1507D3E41A4A6C18002F9D83 /* Info.plist */,
			);
			name = "Supporting Files";
			sourceTree = "<group>";
		};
		1507D3F81A4A6C18002F9D83 /* DemoActionSheetAndAlertTests */ = {
			isa = PBXGroup;
			children = (
				1507D3FB1A4A6C18002F9D83 /* DemoActionSheetAndAlertTests.swift */,
				1507D3F91A4A6C18002F9D83 /* Supporting Files */,
			);
			path = DemoActionSheetAndAlertTests;
			sourceTree = "<group>";
		};
		1507D3F91A4A6C18002F9D83 /* Supporting Files */ = {
			isa = PBXGroup;
			children = (
				1507D3FA1A4A6C18002F9D83 /* Info.plist */,
			);
			name = "Supporting Files";
			sourceTree = "<group>";
		};
/* End PBXGroup section */

/* Begin PBXNativeTarget section */
		1507D3DF1A4A6C18002F9D83 /* DemoActionSheetAndAlert */ = {
			isa = PBXNativeTarget;
			buildConfigurationList = 1507D3FF1A4A6C18002F9D83 /* Build configuration list for PBXNativeTarget "DemoActionSheetAndAlert" */;
			buildPhases = (
				1507D3DC1A4A6C18002F9D83 /* Sources */,
				1507D3DD1A4A6C18002F9D83 /* Frameworks */,
				1507D3DE1A4A6C18002F9D83 /* Resources */,
			);
			buildRules = (
			);
			dependencies = (
			);
			name = DemoActionSheetAndAlert;
			productName = DemoActionSheetAndAlert;
			productReference = 1507D3E01A4A6C18002F9D83 /* DemoActionSheetAndAlert.app */;
			productType = "com.apple.product-type.application";
		};
		1507D3F41A4A6C18002F9D83 /* DemoActionSheetAndAlertTests */ = {
			isa = PBXNativeTarget;
			buildConfigurationList = 1507D4021A4A6C18002F9D83 /* Build configuration list for PBXNativeTarget "DemoActionSheetAndAlertTests" */;
			buildPhases = (
				1507D3F11A4A6C18002F9D83 /* Sources */,
				1507D3F21A4A6C18002F9D83 /* Frameworks */,
				1507D3F31A4A6C18002F9D83 /* Resources */,
			);
			buildRules = (
			);
			dependencies = (
				1507D3F71A4A6C18002F9D83 /* PBXTargetDependency */,
			);
			name = DemoActionSheetAndAlertTests;
			productName = DemoActionSheetAndAlertTests;
			productReference = 1507D3F51A4A6C18002F9D83 /* DemoActionSheetAndAlertTests.xctest */;
			productType = "com.apple.product-type.bundle.unit-test";
		};
/* End PBXNativeTarget section */

/* Begin PBXProject section */
		1507D3D81A4A6C18002F9D83 /* Project object */ = {
			isa = PBXProject;
			attributes = {
				LastUpgradeCheck = 0610;
				ORGANIZATIONNAME = "Jimmy Huang";
				TargetAttributes = {
					1507D3DF1A4A6C18002F9D83 = {
						CreatedOnToolsVersion = 6.1.1;
					};
					1507D3F41A4A6C18002F9D83 = {
						CreatedOnToolsVersion = 6.1.1;
						TestTargetID = 1507D3DF1A4A6C18002F9D83;
					};
				};
			};
			buildConfigurationList = 1507D3DB1A4A6C18002F9D83 /* Build configuration list for PBXProject "DemoActionSheetAndAlert" */;
			compatibilityVersion = "Xcode 3.2";
			developmentRegion = English;
			hasScannedForEncodings = 0;
			knownRegions = (
				en,
				Base,
			);
			mainGroup = 1507D3D71A4A6C18002F9D83;
			productRefGroup = 1507D3E11A4A6C18002F9D83 /* Products */;
			projectDirPath = "";
			projectRoot = "";
			targets = (
				1507D3DF1A4A6C18002F9D83 /* DemoActionSheetAndAlert */,
				1507D3F41A4A6C18002F9D83 /* DemoActionSheetAndAlertTests */,
			);
		};
/* End PBXProject section */

/* Begin PBXResourcesBuildPhase section */
		1507D3DE1A4A6C18002F9D83 /* Resources */ = {
			isa = PBXResourcesBuildPhase;
			buildActionMask = 2147483647;
			files = (
				1507D3EB1A4A6C18002F9D83 /* Main.storyboard in Resources */,
				1507D3F01A4A6C18002F9D83 /* LaunchScreen.xib in Resources */,
				1507D3ED1A4A6C18002F9D83 /* Images.xcassets in Resources */,
			);
			runOnlyForDeploymentPostprocessing = 0;
		};
		1507D3F31A4A6C18002F9D83 /* Resources */ = {
			isa = PBXResourcesBuildPhase;
			buildActionMask = 2147483647;
			files = (
			);
			runOnlyForDeploymentPostprocessing = 0;
		};
/* End PBXResourcesBuildPhase section */

/* Begin PBXSourcesBuildPhase section */
		1507D3DC1A4A6C18002F9D83 /* Sources */ = {
			isa = PBXSourcesBuildPhase;
			buildActionMask = 2147483647;
			files = (
				1507D3E81A4A6C18002F9D83 /* ViewController.swift in Sources */,
				1507D3E61A4A6C18002F9D83 /* AppDelegate.swift in Sources */,
			);
			runOnlyForDeploymentPostprocessing = 0;
		};
		1507D3F11A4A6C18002F9D83 /* Sources */ = {
			isa = PBXSourcesBuildPhase;
			buildActionMask = 2147483647;
			files = (
				1507D3FC1A4A6C18002F9D83 /* DemoActionSheetAndAlertTests.swift in Sources */,
			);
			runOnlyForDeploymentPostprocessing = 0;
		};
/* End PBXSourcesBuildPhase section */

/* Begin PBXTargetDependency section */
		1507D3F71A4A6C18002F9D83 /* PBXTargetDependency */ = {
			isa = PBXTargetDependency;
			target = 1507D3DF1A4A6C18002F9D83 /* DemoActionSheetAndAlert */;
			targetProxy = 1507D3F61A4A6C18002F9D83 /* PBXContainerItemProxy */;
		};
/* End PBXTargetDependency section */

/* Begin PBXVariantGroup section */
		1507D3E91A4A6C18002F9D83 /* Main.storyboard */ = {
			isa = PBXVariantGroup;
			children = (
				1507D3EA1A4A6C18002F9D83 /* Base */,
			);
			name = Main.storyboard;
			sourceTree = "<group>";
		};
		1507D3EE1A4A6C18002F9D83 /* LaunchScreen.xib */ = {
			isa = PBXVariantGroup;
			children = (
				1507D3EF1A4A6C18002F9D83 /* Base */,
			);
			name = LaunchScreen.xib;
			sourceTree = "<group>";
		};
/* End PBXVariantGroup section */

/* Begin XCBuildConfiguration section */
		1507D3FD1A4A6C18002F9D83 /* Debug */ = {
			isa = XCBuildConfiguration;
			buildSettings = {
				ALWAYS_SEARCH_USER_PATHS = NO;
				CLANG_CXX_LANGUAGE_STANDARD = "gnu++0x";
				CLANG_CXX_LIBRARY = "libc++";
				CLANG_ENABLE_MODULES = YES;
				CLANG_ENABLE_OBJC_ARC = YES;
				CLANG_WARN_BOOL_CONVERSION = YES;
				CLANG_WARN_CONSTANT_CONVERSION = YES;
				CLANG_WARN_DIRECT_OBJC_ISA_USAGE = YES_ERROR;
				CLANG_WARN_EMPTY_BODY = YES;
				CLANG_WARN_ENUM_CONVERSION = YES;
				CLANG_WARN_INT_CONVERSION = YES;
				CLANG_WARN_OBJC_ROOT_CLASS = YES_ERROR;
				CLANG_WARN_UNREACHABLE_CODE = YES;
				CLANG_WARN__DUPLICATE_METHOD_MATCH = YES;
				"CODE_SIGN_IDENTITY[sdk=iphoneos*]" = "iPhone Developer";
				COPY_PHASE_STRIP = NO;
				ENABLE_STRICT_OBJC_MSGSEND = YES;
				GCC_C_LANGUAGE_STANDARD = gnu99;
				GCC_DYNAMIC_NO_PIC = NO;
				GCC_OPTIMIZATION_LEVEL = 0;
				GCC_PREPROCESSOR_DEFINITIONS = (
					"DEBUG=1",
					"$(inherited)",
				);
				GCC_SYMBOLS_PRIVATE_EXTERN = NO;
				GCC_WARN_64_TO_32_BIT_CONVERSION = YES;
				GCC_WARN_ABOUT_RETURN_TYPE = YES_ERROR;
				GCC_WARN_UNDECLARED_SELECTOR = YES;
				GCC_WARN_UNINITIALIZED_AUTOS = YES_AGGRESSIVE;
				GCC_WARN_UNUSED_FUNCTION = YES;
				GCC_WARN_UNUSED_VARIABLE = YES;
				IPHONEOS_DEPLOYMENT_TARGET = 8.1;
				MTL_ENABLE_DEBUG_INFO = YES;
				ONLY_ACTIVE_ARCH = YES;
				SDKROOT = iphoneos;
				SWIFT_OPTIMIZATION_LEVEL = "-Onone";
			};
			name = Debug;
		};
		1507D3FE1A4A6C18002F9D83 /* Release */ = {
			isa = XCBuildConfiguration;
			buildSettings = {
				ALWAYS_SEARCH_USER_PATHS = NO;
				CLANG_CXX_LANGUAGE_STANDARD = "gnu++0x";
				CLANG_CXX_LIBRARY = "libc++";
				CLANG_ENABLE_MODULES = YES;
				CLANG_ENABLE_OBJC_ARC = YES;
				CLANG_WARN_BOOL_CONVERSION = YES;
				CLANG_WARN_CONSTANT_CONVERSION = YES;
				CLANG_WARN_DIRECT_OBJC_ISA_USAGE = YES_ERROR;
				CLANG_WARN_EMPTY_BODY = YES;
				CLANG_WARN_ENUM_CONVERSION = YES;
				CLANG_WARN_INT_CONVERSION = YES;
				CLANG_WARN_OBJC_ROOT_CLASS = YES_ERROR;
				CLANG_WARN_UNREACHABLE_CODE = YES;
				CLANG_WARN__DUPLICATE_METHOD_MATCH = YES;
				"CODE_SIGN_IDENTITY[sdk=iphoneos*]" = "iPhone Developer";
				COPY_PHASE_STRIP = YES;
				ENABLE_NS_ASSERTIONS = NO;
				ENABLE_STRICT_OBJC_MSGSEND = YES;
				GCC_C_LANGUAGE_STANDARD = gnu99;
				GCC_WARN_64_TO_32_BIT_CONVERSION = YES;
				GCC_WARN_ABOUT_RETURN_TYPE = YES_ERROR;
				GCC_WARN_UNDECLARED_SELECTOR = YES;
				GCC_WARN_UNINITIALIZED_AUTOS = YES_AGGRESSIVE;
				GCC_WARN_UNUSED_FUNCTION = YES;
				GCC_WARN_UNUSED_VARIABLE = YES;
				IPHONEOS_DEPLOYMENT_TARGET = 8.1;
				MTL_ENABLE_DEBUG_INFO = NO;
				SDKROOT = iphoneos;
				VALIDATE_PRODUCT = YES;
			};
			name = Release;
		};
		1507D4001A4A6C18002F9D83 /* Debug */ = {
			isa = XCBuildConfiguration;
			buildSettings = {
				ASSETCATALOG_COMPILER_APPICON_NAME = AppIcon;
				INFOPLIST_FILE = DemoActionSheetAndAlert/Info.plist;
				LD_RUNPATH_SEARCH_PATHS = "$(inherited) @executable_path/Frameworks";
				PRODUCT_NAME = "$(TARGET_NAME)";
			};
			name = Debug;
		};
		1507D4011A4A6C18002F9D83 /* Release */ = {
			isa = XCBuildConfiguration;
			buildSettings = {
				ASSETCATALOG_COMPILER_APPICON_NAME = AppIcon;
				INFOPLIST_FILE = DemoActionSheetAndAlert/Info.plist;
				LD_RUNPATH_SEARCH_PATHS = "$(inherited) @executable_path/Frameworks";
				PRODUCT_NAME = "$(TARGET_NAME)";
			};
			name = Release;
		};
		1507D4031A4A6C18002F9D83 /* Debug */ = {
			isa = XCBuildConfiguration;
			buildSettings = {
				BUNDLE_LOADER = "$(TEST_HOST)";
				FRAMEWORK_SEARCH_PATHS = (
					"$(SDKROOT)/Developer/Library/Frameworks",
					"$(inherited)",
				);
				GCC_PREPROCESSOR_DEFINITIONS = (
					"DEBUG=1",
					"$(inherited)",
				);
				INFOPLIST_FILE = DemoActionSheetAndAlertTests/Info.plist;
				LD_RUNPATH_SEARCH_PATHS = "$(inherited) @executable_path/Frameworks @loader_path/Frameworks";
				PRODUCT_NAME = "$(TARGET_NAME)";
				TEST_HOST = "$(BUILT_PRODUCTS_DIR)/DemoActionSheetAndAlert.app/DemoActionSheetAndAlert";
			};
			name = Debug;
		};
		1507D4041A4A6C18002F9D83 /* Release */ = {
			isa = XCBuildConfiguration;
			buildSettings = {
				BUNDLE_LOADER = "$(TEST_HOST)";
				FRAMEWORK_SEARCH_PATHS = (
					"$(SDKROOT)/Developer/Library/Frameworks",
					"$(inherited)",
				);
				INFOPLIST_FILE = DemoActionSheetAndAlertTests/Info.plist;
				LD_RUNPATH_SEARCH_PATHS = "$(inherited) @executable_path/Frameworks @loader_path/Frameworks";
				PRODUCT_NAME = "$(TARGET_NAME)";
				TEST_HOST = "$(BUILT_PRODUCTS_DIR)/DemoActionSheetAndAlert.app/DemoActionSheetAndAlert";
			};
			name = Release;
		};
/* End XCBuildConfiguration section */

/* Begin XCConfigurationList section */
		1507D3DB1A4A6C18002F9D83 /* Build configuration list for PBXProject "DemoActionSheetAndAlert" */ = {
			isa = XCConfigurationList;
			buildConfigurations = (
				1507D3FD1A4A6C18002F9D83 /* Debug */,
				1507D3FE1A4A6C18002F9D83 /* Release */,
			);
			defaultConfigurationIsVisible = 0;
			defaultConfigurationName = Release;
		};
		1507D3FF1A4A6C18002F9D83 /* Build configuration list for PBXNativeTarget "DemoActionSheetAndAlert" */ = {
			isa = XCConfigurationList;
			buildConfigurations = (
				1507D4001A4A6C18002F9D83 /* Debug */,
				1507D4011A4A6C18002F9D83 /* Release */,
			);
			defaultConfigurationIsVisible = 0;
		};
		1507D4021A4A6C18002F9D83 /* Build configuration list for PBXNativeTarget "DemoActionSheetAndAlertTests" */ = {
			isa = XCConfigurationList;
			buildConfigurations = (
				1507D4031A4A6C18002F9D83 /* Debug */,
				1507D4041A4A6C18002F9D83 /* Release */,
			);
			defaultConfigurationIsVisible = 0;
		};
/* End XCConfigurationList section */
	};
	rootObject = 1507D3D81A4A6C18002F9D83 /* Project object */;
}
