// !$*UTF8*$!
{
	archiveVersion = 1;
	classes = {
	};
	objectVersion = 46;
	objects = {

/* Begin PBXBuildFile section */
		15CC14451A23025100E88812 /* main.swift in Sources */ = {isa = PBXBuildFile; fileRef = 15CC14441A23025100E88812 /* main.swift */; };
		15CC14521A23027300E88812 /* DayInWeek.swift in Sources */ = {isa = PBXBuildFile; fileRef = 15CC14511A23027300E88812 /* DayInWeek.swift */; };
/* End PBXBuildFile section */

/* Begin PBXCopyFilesBuildPhase section */
		15CC143F1A23025100E88812 /* CopyFiles */ = {
			isa = PBXCopyFilesBuildPhase;
			buildActionMask = 2147483647;
			dstPath = /usr/share/man/man1/;
			dstSubfolderSpec = 0;
			files = (
			);
			runOnlyForDeploymentPostprocessing = 1;
		};
/* End PBXCopyFilesBuildPhase section */

/* Begin PBXFileReference section */
		15CC14411A23025100E88812 /* DemoOptionals */ = {isa = PBXFileReference; explicitFileType = "compiled.mach-o.executable"; includeInIndex = 0; path = DemoOptionals; sourceTree = BUILT_PRODUCTS_DIR; };
		15CC14441A23025100E88812 /* main.swift */ = {isa = PBXFileReference; lastKnownFileType = sourcecode.swift; path = main.swift; sourceTree = "<group>"; };
		15CC14511A23027300E88812 /* DayInWeek.swift */ = {isa = PBXFileReference; fileEncoding = 4; lastKnownFileType = sourcecode.swift; path = DayInWeek.swift; sourceTree = "<group>"; };
/* End PBXFileReference section */

/* Begin PBXFrameworksBuildPhase section */
		15CC143E1A23025100E88812 /* Frameworks */ = {
			isa = PBXFrameworksBuildPhase;
			buildActionMask = 2147483647;
			files = (
			);
			runOnlyForDeploymentPostprocessing = 0;
		};
/* End PBXFrameworksBuildPhase section */

/* Begin PBXGroup section */
		15CC14381A23025100E88812 = {
			isa = PBXGroup;
			children = (
				15CC14431A23025100E88812 /* DemoOptionals */,
				15CC14421A23025100E88812 /* Products */,
			);
			sourceTree = "<group>";
		};
		15CC14421A23025100E88812 /* Products */ = {
			isa = PBXGroup;
			children = (
				15CC14411A23025100E88812 /* DemoOptionals */,
			);
			name = Products;
			sourceTree = "<group>";
		};
		15CC14431A23025100E88812 /* DemoOptionals */ = {
			isa = PBXGroup;
			children = (
				15CC14511A23027300E88812 /* DayInWeek.swift */,
				15CC14441A23025100E88812 /* main.swift */,
			);
			path = DemoOptionals;
			sourceTree = "<group>";
		};
/* End PBXGroup section */

/* Begin PBXNativeTarget section */
		15CC14401A23025100E88812 /* DemoOptionals */ = {
			isa = PBXNativeTarget;
			buildConfigurationList = 15CC14481A23025100E88812 /* Build configuration list for PBXNativeTarget "DemoOptionals" */;
			buildPhases = (
				15CC143D1A23025100E88812 /* Sources */,
				15CC143E1A23025100E88812 /* Frameworks */,
				15CC143F1A23025100E88812 /* CopyFiles */,
			);
			buildRules = (
			);
			dependencies = (
			);
			name = DemoOptionals;
			productName = DemoOptionals;
			productReference = 15CC14411A23025100E88812 /* DemoOptionals */;
			productType = "com.apple.product-type.tool";
		};
/* End PBXNativeTarget section */

/* Begin PBXProject section */
		15CC14391A23025100E88812 /* Project object */ = {
			isa = PBXProject;
			attributes = {
				LastUpgradeCheck = 0610;
				ORGANIZATIONNAME = "Jimmy Huang";
				TargetAttributes = {
					15CC14401A23025100E88812 = {
						CreatedOnToolsVersion = 6.1;
					};
				};
			};
			buildConfigurationList = 15CC143C1A23025100E88812 /* Build configuration list for PBXProject "DemoOptionals" */;
			compatibilityVersion = "Xcode 3.2";
			developmentRegion = English;
			hasScannedForEncodings = 0;
			knownRegions = (
				en,
			);
			mainGroup = 15CC14381A23025100E88812;
			productRefGroup = 15CC14421A23025100E88812 /* Products */;
			projectDirPath = "";
			projectRoot = "";
			targets = (
				15CC14401A23025100E88812 /* DemoOptionals */,
			);
		};
/* End PBXProject section */

/* Begin PBXSourcesBuildPhase section */
		15CC143D1A23025100E88812 /* Sources */ = {
			isa = PBXSourcesBuildPhase;
			buildActionMask = 2147483647;
			files = (
				15CC14451A23025100E88812 /* main.swift in Sources */,
				15CC14521A23027300E88812 /* DayInWeek.swift in Sources */,
			);
			runOnlyForDeploymentPostprocessing = 0;
		};
/* End PBXSourcesBuildPhase section */

/* Begin XCBuildConfiguration section */
		15CC14461A23025100E88812 /* Debug */ = {
			isa = XCBuildConfiguration;
			buildSettings = {
				ALWAYS_SEARCH_USER_PATHS = NO;
				CLANG_CXX_LANGUAGE_STANDARD = "gnu++0x";
				CLANG_CXX_LIBRARY = "libc++";
				CLANG_ENABLE_MODULES = YES;
				CLANG_ENABLE_OBJC_ARC = YES;
				CLANG_WARN_BOOL_CONVERSION = YES;
				CLANG_WARN_CONSTANT_CONVERSION = YES;
				CLANG_WARN_DIRECT_OBJC_ISA_USAGE = YES_ERROR;
				CLANG_WARN_EMPTY_BODY = YES;
				CLANG_WARN_ENUM_CONVERSION = YES;
				CLANG_WARN_INT_CONVERSION = YES;
				CLANG_WARN_OBJC_ROOT_CLASS = YES_ERROR;
				CLANG_WARN_UNREACHABLE_CODE = YES;
				CLANG_WARN__DUPLICATE_METHOD_MATCH = YES;
				COPY_PHASE_STRIP = NO;
				ENABLE_STRICT_OBJC_MSGSEND = YES;
				GCC_C_LANGUAGE_STANDARD = gnu99;
				GCC_DYNAMIC_NO_PIC = NO;
				GCC_OPTIMIZATION_LEVEL = 0;
				GCC_PREPROCESSOR_DEFINITIONS = (
					"DEBUG=1",
					"$(inherited)",
				);
				GCC_SYMBOLS_PRIVATE_EXTERN = NO;
				GCC_WARN_64_TO_32_BIT_CONVERSION = YES;
				GCC_WARN_ABOUT_RETURN_TYPE = YES_ERROR;
				GCC_WARN_UNDECLARED_SELECTOR = YES;
				GCC_WARN_UNINITIALIZED_AUTOS = YES_AGGRESSIVE;
				GCC_WARN_UNUSED_FUNCTION = YES;
				GCC_WARN_UNUSED_VARIABLE = YES;
				MACOSX_DEPLOYMENT_TARGET = 10.10;
				MTL_ENABLE_DEBUG_INFO = YES;
				ONLY_ACTIVE_ARCH = YES;
				SDKROOT = macosx;
				SWIFT_OPTIMIZATION_LEVEL = "-Onone";
			};
			name = Debug;
		};
		15CC14471A23025100E88812 /* Release */ = {
			isa = XCBuildConfiguration;
			buildSettings = {
				ALWAYS_SEARCH_USER_PATHS = NO;
				CLANG_CXX_LANGUAGE_STANDARD = "gnu++0x";
				CLANG_CXX_LIBRARY = "libc++";
				CLANG_ENABLE_MODULES = YES;
				CLANG_ENABLE_OBJC_ARC = YES;
				CLANG_WARN_BOOL_CONVERSION = YES;
				CLANG_WARN_CONSTANT_CONVERSION = YES;
				CLANG_WARN_DIRECT_OBJC_ISA_USAGE = YES_ERROR;
				CLANG_WARN_EMPTY_BODY = YES;
				CLANG_WARN_ENUM_CONVERSION = YES;
				CLANG_WARN_INT_CONVERSION = YES;
				CLANG_WARN_OBJC_ROOT_CLASS = YES_ERROR;
				CLANG_WARN_UNREACHABLE_CODE = YES;
				CLANG_WARN__DUPLICATE_METHOD_MATCH = YES;
				COPY_PHASE_STRIP = YES;
				DEBUG_INFORMATION_FORMAT = "dwarf-with-dsym";
				ENABLE_NS_ASSERTIONS = NO;
				ENABLE_STRICT_OBJC_MSGSEND = YES;
				GCC_C_LANGUAGE_STANDARD = gnu99;
				GCC_WARN_64_TO_32_BIT_CONVERSION = YES;
				GCC_WARN_ABOUT_RETURN_TYPE = YES_ERROR;
				GCC_WARN_UNDECLARED_SELECTOR = YES;
				GCC_WARN_UNINITIALIZED_AUTOS = YES_AGGRESSIVE;
				GCC_WARN_UNUSED_FUNCTION = YES;
				GCC_WARN_UNUSED_VARIABLE = YES;
				MACOSX_DEPLOYMENT_TARGET = 10.10;
				MTL_ENABLE_DEBUG_INFO = NO;
				SDKROOT = macosx;
			};
			name = Release;
		};
		15CC14491A23025100E88812 /* Debug */ = {
			isa = XCBuildConfiguration;
			buildSettings = {
				PRODUCT_NAME = "$(TARGET_NAME)";
			};
			name = Debug;
		};
		15CC144A1A23025100E88812 /* Release */ = {
			isa = XCBuildConfiguration;
			buildSettings = {
				PRODUCT_NAME = "$(TARGET_NAME)";
			};
			name = Release;
		};
/* End XCBuildConfiguration section */

/* Begin XCConfigurationList section */
		15CC143C1A23025100E88812 /* Build configuration list for PBXProject "DemoOptionals" */ = {
			isa = XCConfigurationList;
			buildConfigurations = (
				15CC14461A23025100E88812 /* Debug */,
				15CC14471A23025100E88812 /* Release */,
			);
			defaultConfigurationIsVisible = 0;
			defaultConfigurationName = Release;
		};
		15CC14481A23025100E88812 /* Build configuration list for PBXNativeTarget "DemoOptionals" */ = {
			isa = XCConfigurationList;
			buildConfigurations = (
				15CC14491A23025100E88812 /* Debug */,
				15CC144A1A23025100E88812 /* Release */,
			);
			defaultConfigurationIsVisible = 0;
		};
/* End XCConfigurationList section */
	};
	rootObject = 15CC14391A23025100E88812 /* Project object */;
}
