// !$*UTF8*$!
{
	archiveVersion = 1;
	classes = {
	};
	objectVersion = 46;
	objects = {

/* Begin PBXContainerItemProxy section */
		1507D40A1A4A6C1A002F9D83 /* PBXContainerItemProxy */ = {
			isa = PBXContainerItemProxy;
			containerPortal = 1507D4051A4A6C18002F9D83 /* DemoActionSheetAndAlert.xcodeproj */;
			proxyType = 2;
			remoteGlobalIDString = 1507D3E01A4A6C18002F9D83;
			remoteInfo = DemoActionSheetAndAlert;
		};
		1507D40C1A4A6C1A002F9D83 /* PBXContainerItemProxy */ = {
			isa = PBXContainerItemProxy;
			containerPortal = 1507D4051A4A6C18002F9D83 /* DemoActionSheetAndAlert.xcodeproj */;
			proxyType = 2;
			remoteGlobalIDString = 1507D3F51A4A6C18002F9D83;
			remoteInfo = DemoActionSheetAndAlertTests;
		};
		159384CC1A305A2500337FB0 /* PBXContainerItemProxy */ = {
			isa = PBXContainerItemProxy;
			containerPortal = 159384C61A305A2400337FB0 /* DemoTypeCasting.xcodeproj */;
			proxyType = 2;
			remoteGlobalIDString = 159384BC1A305A2400337FB0;
			remoteInfo = DemoTypeCasting;
		};
		15CC14311A2300D600E88812 /* PBXContainerItemProxy */ = {
			isa = PBXContainerItemProxy;
			containerPortal = 15CC142D1A2300D500E88812 /* DemoNilFaultInObjecticeC.xcodeproj */;
			proxyType = 2;
			remoteGlobalIDString = 15CC14231A2300D500E88812;
			remoteInfo = DemoNilFaultInObjecticeC;
		};
		15CC144F1A23025200E88812 /* PBXContainerItemProxy */ = {
			isa = PBXContainerItemProxy;
			containerPortal = 15CC144B1A23025100E88812 /* DemoOptionals.xcodeproj */;
			proxyType = 2;
			remoteGlobalIDString = 15CC14411A23025100E88812;
			remoteInfo = DemoOptionals;
		};
		15D260591A4942FE00F09664 /* PBXContainerItemProxy */ = {
			isa = PBXContainerItemProxy;
			containerPortal = 15D260551A4942FC00F09664 /* DemoClosure.xcodeproj */;
			proxyType = 2;
			remoteGlobalIDString = 15D2604B1A4942FC00F09664;
			remoteInfo = DemoClosure;
		};
		15F2F5361A639E9800A9AA3D /* PBXContainerItemProxy */ = {
			isa = PBXContainerItemProxy;
			containerPortal = 15F2F52D1A639E9700A9AA3D /* DemoStringAndCharacter.xcodeproj */;
			proxyType = 2;
			remoteGlobalIDString = 15F2F5231A639E9700A9AA3D;
			remoteInfo = DemoStringAndCharacter;
		};
/* End PBXContainerItemProxy section */

/* Begin PBXFileReference section */
		1507D4051A4A6C18002F9D83 /* DemoActionSheetAndAlert.xcodeproj */ = {isa = PBXFileReference; lastKnownFileType = "wrapper.pb-project"; name = DemoActionSheetAndAlert.xcodeproj; path = DemoActionSheetAndAlert/DemoActionSheetAndAlert.xcodeproj; sourceTree = "<group>"; };
		159384C61A305A2400337FB0 /* DemoTypeCasting.xcodeproj */ = {isa = PBXFileReference; lastKnownFileType = "wrapper.pb-project"; name = DemoTypeCasting.xcodeproj; path = DemoTypeCasting/DemoTypeCasting.xcodeproj; sourceTree = "<group>"; };
		15CC142D1A2300D500E88812 /* DemoNilFaultInObjecticeC.xcodeproj */ = {isa = PBXFileReference; lastKnownFileType = "wrapper.pb-project"; name = DemoNilFaultInObjecticeC.xcodeproj; path = DemoNilFaultInObjecticeC/DemoNilFaultInObjecticeC.xcodeproj; sourceTree = "<group>"; };
		15CC144B1A23025100E88812 /* DemoOptionals.xcodeproj */ = {isa = PBXFileReference; lastKnownFileType = "wrapper.pb-project"; name = DemoOptionals.xcodeproj; path = DemoOptionals/DemoOptionals.xcodeproj; sourceTree = "<group>"; };
		15D260551A4942FC00F09664 /* DemoClosure.xcodeproj */ = {isa = PBXFileReference; lastKnownFileType = "wrapper.pb-project"; name = DemoClosure.xcodeproj; path = DemoClosure/DemoClosure.xcodeproj; sourceTree = "<group>"; };
		15F2F52D1A639E9700A9AA3D /* DemoStringAndCharacter.xcodeproj */ = {isa = PBXFileReference; lastKnownFileType = "wrapper.pb-project"; name = DemoStringAndCharacter.xcodeproj; path = DemoStringAndCharacter/DemoStringAndCharacter.xcodeproj; sourceTree = "<group>"; };
/* End PBXFileReference section */

/* Begin PBXGroup section */
		1507D4061A4A6C18002F9D83 /* Products */ = {
			isa = PBXGroup;
			children = (
				1507D40B1A4A6C1A002F9D83 /* DemoActionSheetAndAlert.app */,
				1507D40D1A4A6C1A002F9D83 /* DemoActionSheetAndAlertTests.xctest */,
			);
			name = Products;
			sourceTree = "<group>";
		};
		159384C71A305A2400337FB0 /* Products */ = {
			isa = PBXGroup;
			children = (
				159384CD1A305A2500337FB0 /* DemoTypeCasting */,
			);
			name = Products;
			sourceTree = "<group>";
		};
		15CC14131A22FE4D00E88812 = {
			isa = PBXGroup;
			children = (
				15F2F52D1A639E9700A9AA3D /* DemoStringAndCharacter.xcodeproj */,
				1507D4051A4A6C18002F9D83 /* DemoActionSheetAndAlert.xcodeproj */,
				15D260551A4942FC00F09664 /* DemoClosure.xcodeproj */,
				159384C61A305A2400337FB0 /* DemoTypeCasting.xcodeproj */,
				15CC144B1A23025100E88812 /* DemoOptionals.xcodeproj */,
				15CC142D1A2300D500E88812 /* DemoNilFaultInObjecticeC.xcodeproj */,
			);
			sourceTree = "<group>";
		};
		15CC142E1A2300D500E88812 /* Products */ = {
			isa = PBXGroup;
			children = (
				15CC14321A2300D600E88812 /* DemoNilFaultInObjecticeC */,
			);
			name = Products;
			sourceTree = "<group>";
		};
		15CC144C1A23025100E88812 /* Products */ = {
			isa = PBXGroup;
			children = (
				15CC14501A23025200E88812 /* DemoOptionals */,
			);
			name = Products;
			sourceTree = "<group>";
		};
		15D260561A4942FC00F09664 /* Products */ = {
			isa = PBXGroup;
			children = (
				15D2605A1A4942FE00F09664 /* DemoClosure */,
			);
			name = Products;
			sourceTree = "<group>";
		};
		15F2F52E1A639E9700A9AA3D /* Products */ = {
			isa = PBXGroup;
			children = (
				15F2F5371A639E9800A9AA3D /* DemoStringAndCharacter */,
			);
			name = Products;
			sourceTree = "<group>";
		};
/* End PBXGroup section */

/* Begin PBXProject section */
		15CC14141A22FE4D00E88812 /* Project object */ = {
			isa = PBXProject;
			attributes = {
				LastUpgradeCheck = 0610;
			};
			buildConfigurationList = 15CC14171A22FE4D00E88812 /* Build configuration list for PBXProject "SwiftInPractice" */;
			compatibilityVersion = "Xcode 3.2";
			developmentRegion = English;
			hasScannedForEncodings = 0;
			knownRegions = (
				en,
			);
			mainGroup = 15CC14131A22FE4D00E88812;
			projectDirPath = "";
			projectReferences = (
				{
					ProductGroup = 1507D4061A4A6C18002F9D83 /* Products */;
					ProjectRef = 1507D4051A4A6C18002F9D83 /* DemoActionSheetAndAlert.xcodeproj */;
				},
				{
					ProductGroup = 15D260561A4942FC00F09664 /* Products */;
					ProjectRef = 15D260551A4942FC00F09664 /* DemoClosure.xcodeproj */;
				},
				{
					ProductGroup = 15CC142E1A2300D500E88812 /* Products */;
					ProjectRef = 15CC142D1A2300D500E88812 /* DemoNilFaultInObjecticeC.xcodeproj */;
				},
				{
					ProductGroup = 15CC144C1A23025100E88812 /* Products */;
					ProjectRef = 15CC144B1A23025100E88812 /* DemoOptionals.xcodeproj */;
				},
				{
					ProductGroup = 15F2F52E1A639E9700A9AA3D /* Products */;
					ProjectRef = 15F2F52D1A639E9700A9AA3D /* DemoStringAndCharacter.xcodeproj */;
				},
				{
					ProductGroup = 159384C71A305A2400337FB0 /* Products */;
					ProjectRef = 159384C61A305A2400337FB0 /* DemoTypeCasting.xcodeproj */;
				},
			);
			projectRoot = "";
			targets = (
			);
		};
/* End PBXProject section */

/* Begin PBXReferenceProxy section */
		1507D40B1A4A6C1A002F9D83 /* DemoActionSheetAndAlert.app */ = {
			isa = PBXReferenceProxy;
			fileType = wrapper.application;
			path = DemoActionSheetAndAlert.app;
			remoteRef = 1507D40A1A4A6C1A002F9D83 /* PBXContainerItemProxy */;
			sourceTree = BUILT_PRODUCTS_DIR;
		};
		1507D40D1A4A6C1A002F9D83 /* DemoActionSheetAndAlertTests.xctest */ = {
			isa = PBXReferenceProxy;
			fileType = wrapper.cfbundle;
			path = DemoActionSheetAndAlertTests.xctest;
			remoteRef = 1507D40C1A4A6C1A002F9D83 /* PBXContainerItemProxy */;
			sourceTree = BUILT_PRODUCTS_DIR;
		};
		159384CD1A305A2500337FB0 /* DemoTypeCasting */ = {
			isa = PBXReferenceProxy;
			fileType = "compiled.mach-o.executable";
			path = DemoTypeCasting;
			remoteRef = 159384CC1A305A2500337FB0 /* PBXContainerItemProxy */;
			sourceTree = BUILT_PRODUCTS_DIR;
		};
		15CC14321A2300D600E88812 /* DemoNilFaultInObjecticeC */ = {
			isa = PBXReferenceProxy;
			fileType = "compiled.mach-o.executable";
			path = DemoNilFaultInObjecticeC;
			remoteRef = 15CC14311A2300D600E88812 /* PBXContainerItemProxy */;
			sourceTree = BUILT_PRODUCTS_DIR;
		};
		15CC14501A23025200E88812 /* DemoOptionals */ = {
			isa = PBXReferenceProxy;
			fileType = "compiled.mach-o.executable";
			path = DemoOptionals;
			remoteRef = 15CC144F1A23025200E88812 /* PBXContainerItemProxy */;
			sourceTree = BUILT_PRODUCTS_DIR;
		};
		15D2605A1A4942FE00F09664 /* DemoClosure */ = {
			isa = PBXReferenceProxy;
			fileType = "compiled.mach-o.executable";
			path = DemoClosure;
			remoteRef = 15D260591A4942FE00F09664 /* PBXContainerItemProxy */;
			sourceTree = BUILT_PRODUCTS_DIR;
		};
		15F2F5371A639E9800A9AA3D /* DemoStringAndCharacter */ = {
			isa = PBXReferenceProxy;
			fileType = "compiled.mach-o.executable";
			path = DemoStringAndCharacter;
			remoteRef = 15F2F5361A639E9800A9AA3D /* PBXContainerItemProxy */;
			sourceTree = BUILT_PRODUCTS_DIR;
		};
/* End PBXReferenceProxy section */

/* Begin XCBuildConfiguration section */
		15CC14181A22FE4D00E88812 /* Debug */ = {
			isa = XCBuildConfiguration;
			buildSettings = {
			};
			name = Debug;
		};
		15CC14191A22FE4D00E88812 /* Release */ = {
			isa = XCBuildConfiguration;
			buildSettings = {
			};
			name = Release;
		};
/* End XCBuildConfiguration section */

/* Begin XCConfigurationList section */
		15CC14171A22FE4D00E88812 /* Build configuration list for PBXProject "SwiftInPractice" */ = {
			isa = XCConfigurationList;
			buildConfigurations = (
				15CC14181A22FE4D00E88812 /* Debug */,
				15CC14191A22FE4D00E88812 /* Release */,
			);
			defaultConfigurationIsVisible = 0;
			defaultConfigurationName = Release;
		};
/* End XCConfigurationList section */
	};
	rootObject = 15CC14141A22FE4D00E88812 /* Project object */;
}
